
Microsoft Visual Studio Solution File, Format Version 12.00
# Visual Studio Version 17
VisualStudioVersion = 17.10.34928.147
MinimumVisualStudioVersion = 10.0.40219.1
Project("{FAE04EC0-301F-11D3-BF4B-00C04F79EFBC}") = "ProductProvider", "ProductProvider\ProductProvider.csproj", "{5BF9B9CF-F110-48EF-87F8-EDD0AC7078C6}"
EndProject
Project("{FAE04EC0-301F-11D3-BF4B-00C04F79EFBC}") = "ProductProvider.Tests", "ProductProvider.Tests\ProductProvider.Tests.csproj", "{48F94288-2C62-447B-A7BF-0EAE850026A7}"
EndProject
Project("{FAE04EC0-301F-11D3-BF4B-00C04F79EFBC}") = "Seeding", "Seeding\Seeding.csproj", "{0CC6F577-4595-4D3B-BFAB-44F484CDBA06}"
EndProject
Global
	GlobalSection(SolutionConfigurationPlatforms) = preSolution
		Debug|Any CPU = Debug|Any CPU
		Release|Any CPU = Release|Any CPU
	EndGlobalSection
	GlobalSection(ProjectConfigurationPlatforms) = postSolution
		{5BF9B9CF-F110-48EF-87F8-EDD0AC7078C6}.Debug|Any CPU.ActiveCfg = Debug|Any CPU
		{5BF9B9CF-F110-48EF-87F8-EDD0AC7078C6}.Debug|Any CPU.Build.0 = Debug|Any CPU
		{5BF9B9CF-F110-48EF-87F8-EDD0AC7078C6}.Release|Any CPU.ActiveCfg = Release|Any CPU
		{5BF9B9CF-F110-48EF-87F8-EDD0AC7078C6}.Release|Any CPU.Build.0 = Release|Any CPU
		{48F94288-2C62-447B-A7BF-0EAE850026A7}.Debug|Any CPU.ActiveCfg = Debug|Any CPU
		{48F94288-2C62-447B-A7BF-0EAE850026A7}.Debug|Any CPU.Build.0 = Debug|Any CPU
		{48F94288-2C62-447B-A7BF-0EAE850026A7}.Release|Any CPU.ActiveCfg = Release|Any CPU
		{48F94288-2C62-447B-A7BF-0EAE850026A7}.Release|Any CPU.Build.0 = Release|Any CPU
		{0CC6F577-4595-4D3B-BFAB-44F484CDBA06}.Debug|Any CPU.ActiveCfg = Debug|Any CPU
		{0CC6F577-4595-4D3B-BFAB-44F484CDBA06}.Debug|Any CPU.Build.0 = Debug|Any CPU
		{0CC6F577-4595-4D3B-BFAB-44F484CDBA06}.Release|Any CPU.ActiveCfg = Release|Any CPU
		{0CC6F577-4595-4D3B-BFAB-44F484CDBA06}.Release|Any CPU.Build.0 = Release|Any CPU
	EndGlobalSection
	GlobalSection(SolutionProperties) = preSolution
		HideSolutionNode = FALSE
	EndGlobalSection
	GlobalSection(ExtensibilityGlobals) = postSolution
		SolutionGuid = {E6B0A0CD-EB2A-4EB4-893B-CEBBD87EDC36}
	EndGlobalSection
EndGlobal
