
Microsoft Visual Studio Solution File, Format Version 12.00
# Visual Studio Version 17
VisualStudioVersion = 17.10.34928.147
MinimumVisualStudioVersion = 10.0.40219.1
Project("{9A19103F-16F7-4668-BE54-9A1E7A4F7556}") = "ProductsCreate", "ProductsCreate\ProductsCreate.csproj", "{C247A3D5-A361-47C1-BA2A-B20C42E2240D}"
EndProject
Project("{9A19103F-16F7-4668-BE54-9A1E7A4F7556}") = "Shared", "Shared\Shared.csproj", "{5E7CE0D7-895A-4D95-921D-B1CA63F1E50D}"
EndProject
Project("{9A19103F-16F7-4668-BE54-9A1E7A4F7556}") = "ProductsReadAll", "ProductsReadAll\ProductsReadAll.csproj", "{9AAA4F72-9C9E-40AB-8FFE-27C3534D81D9}"
EndProject
Project("{9A19103F-16F7-4668-BE54-9A1E7A4F7556}") = "ProductsUpdate", "ProductsUpdate\ProductsUpdate.csproj", "{30BC72D7-6A88-4027-8AAD-D1FD7603F2CC}"
EndProject
Project("{9A19103F-16F7-4668-BE54-9A1E7A4F7556}") = "ProductsUpdate.Tests", "ProductsUpdate.Tests\ProductsUpdate.Tests.csproj", "{FF57A17E-0549-42D6-B621-F75BD25F73CB}"
EndProject
Project("{9A19103F-16F7-4668-BE54-9A1E7A4F7556}") = "ProductsReadAll.Test", "ProductsReadAll.Test\ProductsReadAll.Test.csproj", "{B7D63EB2-76D6-44E2-9322-77D5EF08463C}"
EndProject
Project("{9A19103F-16F7-4668-BE54-9A1E7A4F7556}") = "ProductReadOne", "ProductReadOne\ProductReadOne.csproj", "{83A5DDC4-C270-4B9F-9B8A-6A3FF66E84D5}"
EndProject
Project("{9A19103F-16F7-4668-BE54-9A1E7A4F7556}") = "ProductReadOne.Test", "ProductReadOne.Test\ProductReadOne.Test.csproj", "{0D4E4F84-5D00-4DE8-ABB7-F3910FF3A402}"
EndProject
Project("{9A19103F-16F7-4668-BE54-9A1E7A4F7556}") = "ProductsDelete", "ProductsDelete\ProductsDelete.csproj", "{ADBBBD78-A1C9-4FD3-BC4C-67EDFF02A011}"
EndProject
Project("{9A19103F-16F7-4668-BE54-9A1E7A4F7556}") = "ProductsDeleteTests", "ProductsDeleteTests\ProductsDeleteTests.csproj", "{FD86CFB1-8D75-468E-A765-F8CE9C60604E}"
EndProject
Project("{9A19103F-16F7-4668-BE54-9A1E7A4F7556}") = "ProductsCreate.Tests", "ProductsCreate.Tests\ProductsCreate.Tests.csproj", "{9C7370C1-BB2F-448D-ADA4-C34122784C19}"
EndProject
Project("{FAE04EC0-301F-11D3-BF4B-00C04F79EFBC}") = "ProductProvider", "ProductProvider\ProductProvider.csproj", "{5BF9B9CF-F110-48EF-87F8-EDD0AC7078C6}"
EndProject
Global
	GlobalSection(SolutionConfigurationPlatforms) = preSolution
		Debug|Any CPU = Debug|Any CPU
		Release|Any CPU = Release|Any CPU
	EndGlobalSection
	GlobalSection(ProjectConfigurationPlatforms) = postSolution
		{C247A3D5-A361-47C1-BA2A-B20C42E2240D}.Debug|Any CPU.ActiveCfg = Debug|Any CPU
		{C247A3D5-A361-47C1-BA2A-B20C42E2240D}.Debug|Any CPU.Build.0 = Debug|Any CPU
		{C247A3D5-A361-47C1-BA2A-B20C42E2240D}.Release|Any CPU.ActiveCfg = Release|Any CPU
		{C247A3D5-A361-47C1-BA2A-B20C42E2240D}.Release|Any CPU.Build.0 = Release|Any CPU
		{5E7CE0D7-895A-4D95-921D-B1CA63F1E50D}.Debug|Any CPU.ActiveCfg = Debug|Any CPU
		{5E7CE0D7-895A-4D95-921D-B1CA63F1E50D}.Debug|Any CPU.Build.0 = Debug|Any CPU
		{5E7CE0D7-895A-4D95-921D-B1CA63F1E50D}.Release|Any CPU.ActiveCfg = Release|Any CPU
		{5E7CE0D7-895A-4D95-921D-B1CA63F1E50D}.Release|Any CPU.Build.0 = Release|Any CPU
		{9AAA4F72-9C9E-40AB-8FFE-27C3534D81D9}.Debug|Any CPU.ActiveCfg = Debug|Any CPU
		{9AAA4F72-9C9E-40AB-8FFE-27C3534D81D9}.Debug|Any CPU.Build.0 = Debug|Any CPU
		{9AAA4F72-9C9E-40AB-8FFE-27C3534D81D9}.Release|Any CPU.ActiveCfg = Release|Any CPU
		{9AAA4F72-9C9E-40AB-8FFE-27C3534D81D9}.Release|Any CPU.Build.0 = Release|Any CPU
		{30BC72D7-6A88-4027-8AAD-D1FD7603F2CC}.Debug|Any CPU.ActiveCfg = Debug|Any CPU
		{30BC72D7-6A88-4027-8AAD-D1FD7603F2CC}.Debug|Any CPU.Build.0 = Debug|Any CPU
		{30BC72D7-6A88-4027-8AAD-D1FD7603F2CC}.Release|Any CPU.ActiveCfg = Release|Any CPU
		{30BC72D7-6A88-4027-8AAD-D1FD7603F2CC}.Release|Any CPU.Build.0 = Release|Any CPU
		{FF57A17E-0549-42D6-B621-F75BD25F73CB}.Debug|Any CPU.ActiveCfg = Debug|Any CPU
		{FF57A17E-0549-42D6-B621-F75BD25F73CB}.Debug|Any CPU.Build.0 = Debug|Any CPU
		{FF57A17E-0549-42D6-B621-F75BD25F73CB}.Release|Any CPU.ActiveCfg = Release|Any CPU
		{FF57A17E-0549-42D6-B621-F75BD25F73CB}.Release|Any CPU.Build.0 = Release|Any CPU
		{B7D63EB2-76D6-44E2-9322-77D5EF08463C}.Debug|Any CPU.ActiveCfg = Debug|Any CPU
		{B7D63EB2-76D6-44E2-9322-77D5EF08463C}.Debug|Any CPU.Build.0 = Debug|Any CPU
		{B7D63EB2-76D6-44E2-9322-77D5EF08463C}.Release|Any CPU.ActiveCfg = Release|Any CPU
		{B7D63EB2-76D6-44E2-9322-77D5EF08463C}.Release|Any CPU.Build.0 = Release|Any CPU
		{83A5DDC4-C270-4B9F-9B8A-6A3FF66E84D5}.Debug|Any CPU.ActiveCfg = Debug|Any CPU
		{83A5DDC4-C270-4B9F-9B8A-6A3FF66E84D5}.Debug|Any CPU.Build.0 = Debug|Any CPU
		{83A5DDC4-C270-4B9F-9B8A-6A3FF66E84D5}.Release|Any CPU.ActiveCfg = Release|Any CPU
		{83A5DDC4-C270-4B9F-9B8A-6A3FF66E84D5}.Release|Any CPU.Build.0 = Release|Any CPU
		{0D4E4F84-5D00-4DE8-ABB7-F3910FF3A402}.Debug|Any CPU.ActiveCfg = Debug|Any CPU
		{0D4E4F84-5D00-4DE8-ABB7-F3910FF3A402}.Debug|Any CPU.Build.0 = Debug|Any CPU
		{0D4E4F84-5D00-4DE8-ABB7-F3910FF3A402}.Release|Any CPU.ActiveCfg = Release|Any CPU
		{0D4E4F84-5D00-4DE8-ABB7-F3910FF3A402}.Release|Any CPU.Build.0 = Release|Any CPU
		{ADBBBD78-A1C9-4FD3-BC4C-67EDFF02A011}.Debug|Any CPU.ActiveCfg = Debug|Any CPU
		{ADBBBD78-A1C9-4FD3-BC4C-67EDFF02A011}.Debug|Any CPU.Build.0 = Debug|Any CPU
		{ADBBBD78-A1C9-4FD3-BC4C-67EDFF02A011}.Release|Any CPU.ActiveCfg = Release|Any CPU
		{ADBBBD78-A1C9-4FD3-BC4C-67EDFF02A011}.Release|Any CPU.Build.0 = Release|Any CPU
		{FD86CFB1-8D75-468E-A765-F8CE9C60604E}.Debug|Any CPU.ActiveCfg = Debug|Any CPU
		{FD86CFB1-8D75-468E-A765-F8CE9C60604E}.Debug|Any CPU.Build.0 = Debug|Any CPU
		{FD86CFB1-8D75-468E-A765-F8CE9C60604E}.Release|Any CPU.ActiveCfg = Release|Any CPU
		{FD86CFB1-8D75-468E-A765-F8CE9C60604E}.Release|Any CPU.Build.0 = Release|Any CPU
		{9C7370C1-BB2F-448D-ADA4-C34122784C19}.Debug|Any CPU.ActiveCfg = Debug|Any CPU
		{9C7370C1-BB2F-448D-ADA4-C34122784C19}.Debug|Any CPU.Build.0 = Debug|Any CPU
		{9C7370C1-BB2F-448D-ADA4-C34122784C19}.Release|Any CPU.ActiveCfg = Release|Any CPU
		{9C7370C1-BB2F-448D-ADA4-C34122784C19}.Release|Any CPU.Build.0 = Release|Any CPU
		{5BF9B9CF-F110-48EF-87F8-EDD0AC7078C6}.Debug|Any CPU.ActiveCfg = Debug|Any CPU
		{5BF9B9CF-F110-48EF-87F8-EDD0AC7078C6}.Debug|Any CPU.Build.0 = Debug|Any CPU
		{5BF9B9CF-F110-48EF-87F8-EDD0AC7078C6}.Release|Any CPU.ActiveCfg = Release|Any CPU
		{5BF9B9CF-F110-48EF-87F8-EDD0AC7078C6}.Release|Any CPU.Build.0 = Release|Any CPU
	EndGlobalSection
	GlobalSection(SolutionProperties) = preSolution
		HideSolutionNode = FALSE
	EndGlobalSection
	GlobalSection(ExtensibilityGlobals) = postSolution
		SolutionGuid = {E6B0A0CD-EB2A-4EB4-893B-CEBBD87EDC36}
	EndGlobalSection
EndGlobal
